
Microsoft Visual Studio Solution File, Format Version 12.00
# Visual Studio Version 16
VisualStudioVersion = 16.0.30320.27
MinimumVisualStudioVersion = 10.0.40219.1
Project("{9A19103F-16F7-4668-BE54-9A1E7A4F7556}") = "Ezana.ShiftManagment.API", "Ezana.ShiftManagment.API\Ezana.ShiftManagment.API.csproj", "{901D1E93-97C4-4A01-B40A-AE73F89D9A07}"
EndProject
Project("{9A19103F-16F7-4668-BE54-9A1E7A4F7556}") = "Ezana.ShiftManagment.IdentityServer", "..\src\Ezana.ShiftManagment.IdentityServer\Ezana.ShiftManagment.IdentityServer.csproj", "{51AAD99E-25AF-4BF6-9775-3C35B2C763D3}"
EndProject
Project("{9A19103F-16F7-4668-BE54-9A1E7A4F7556}") = "ShiftPowerDashboard", "..\src\ShiftPowerDashboard\ShiftPowerDashboard.csproj", "{8918A97A-FD18-4601-96C2-48FC00B22E88}"
EndProject
Global
	GlobalSection(SolutionConfigurationPlatforms) = preSolution
		Debug|Any CPU = Debug|Any CPU
		Release|Any CPU = Release|Any CPU
	EndGlobalSection
	GlobalSection(ProjectConfigurationPlatforms) = postSolution
		{901D1E93-97C4-4A01-B40A-AE73F89D9A07}.Debug|Any CPU.ActiveCfg = Debug|Any CPU
		{901D1E93-97C4-4A01-B40A-AE73F89D9A07}.Debug|Any CPU.Build.0 = Debug|Any CPU
		{901D1E93-97C4-4A01-B40A-AE73F89D9A07}.Release|Any CPU.ActiveCfg = Release|Any CPU
		{901D1E93-97C4-4A01-B40A-AE73F89D9A07}.Release|Any CPU.Build.0 = Release|Any CPU
		{51AAD99E-25AF-4BF6-9775-3C35B2C763D3}.Debug|Any CPU.ActiveCfg = Debug|Any CPU
		{51AAD99E-25AF-4BF6-9775-3C35B2C763D3}.Debug|Any CPU.Build.0 = Debug|Any CPU
		{51AAD99E-25AF-4BF6-9775-3C35B2C763D3}.Release|Any CPU.ActiveCfg = Release|Any CPU
		{51AAD99E-25AF-4BF6-9775-3C35B2C763D3}.Release|Any CPU.Build.0 = Release|Any CPU
		{8918A97A-FD18-4601-96C2-48FC00B22E88}.Debug|Any CPU.ActiveCfg = Debug|Any CPU
		{8918A97A-FD18-4601-96C2-48FC00B22E88}.Debug|Any CPU.Build.0 = Debug|Any CPU
		{8918A97A-FD18-4601-96C2-48FC00B22E88}.Release|Any CPU.ActiveCfg = Release|Any CPU
		{8918A97A-FD18-4601-96C2-48FC00B22E88}.Release|Any CPU.Build.0 = Release|Any CPU
	EndGlobalSection
	GlobalSection(SolutionProperties) = preSolution
		HideSolutionNode = FALSE
	EndGlobalSection
	GlobalSection(ExtensibilityGlobals) = postSolution
		SolutionGuid = {6F89A577-A8FD-4115-B167-A12DDE481F04}
	EndGlobalSection
EndGlobal
